{
  "requires": true,
  "lockfileVersion": 1,
  "dependencies": {
    "a-calc": {
      "version": "1.3.8",
      "resolved": "https://registry.npmjs.org/a-calc/-/a-calc-1.3.8.tgz",
      "integrity": "sha512-/YQ+RActls7GQYXjCYP135DEwMC7tdUFfEiR65pnjsZ4N1Uvtz3MKlpw2RHI0hoDraJ2Ih9zjcAAERxnKL4qng==",
      "requires": {
        "typescript-treasure": "0.0.9"
      }
    },
    "typescript-treasure": {
      "version": "0.0.9",
      "resolved": "https://registry.npmjs.org/typescript-treasure/-/typescript-treasure-0.0.9.tgz",
      "integrity": "sha512-QPmpqJvQqZ7rt2iVNzPrtQNSFs1zVuTuP+jzE3np7qytEUcfSKtAW8RTDslldeAwaJjVJa0UM3ps1uVddpEMqQ=="
    }
  }
}
